<?xml version="1.0" encoding="UTF-8" standalone="yes" ?>
<CodeBlocks_project_file>
	<FileVersion major="1" minor="6" />
	<Project>
		<Option title="cnn" />
		<Option pch_mode="2" />
		<Option compiler="gcc" />
		<Build>
			<Target title="Debug">
				<Option output="bin/Debug/cnn" prefix_auto="1" extension_auto="1" />
				<Option object_output="obj/Debug/" />
				<Option type="1" />
				<Option compiler="gcc" />
				<Compiler>
					<Add option="-g" />
				</Compiler>
			</Target>
			<Target title="Release">
				<Option output="bin/Release/cnn" prefix_auto="1" extension_auto="1" />
				<Option object_output="obj/Release/" />
				<Option type="1" />
				<Option compiler="gcc" />
				<Compiler>
					<Add option="-O2" />
				</Compiler>
				<Linker>
					<Add option="-s" />
				</Linker>
			</Target>
		</Build>
		<Compiler>
			<Add option="-Wall" />
		</Compiler>
		<Unit filename="BN_layer.c">
			<Option compilerVar="CC" />
		</Unit>
		<Unit filename="BN_layer.h" />
		<Unit filename="cnn.c">
			<Option compilerVar="CC" />
		</Unit>
		<Unit filename="cnn.h" />
		<Unit filename="conv_layer.c">
			<Option compilerVar="CC" />
		</Unit>
		<Unit filename="conv_layer.h" />
		<Unit filename="dense_layer.c">
			<Option compilerVar="CC" />
		</Unit>
		<Unit filename="dense_layer.h" />
		<Unit filename="main.c">
			<Option compilerVar="CC" />
		</Unit>
		<Unit filename="pool_layer.c">
			<Option compilerVar="CC" />
		</Unit>
		<Unit filename="pool_layer.h" />
		<Unit filename="read_npy.c">
			<Option compilerVar="CC" />
		</Unit>
		<Unit filename="read_npy.h" />
		<Unit filename="relu_layer.c">
			<Option compilerVar="CC" />
		</Unit>
		<Unit filename="relu_layer.h" />
		<Unit filename="softmax.c">
			<Option compilerVar="CC" />
		</Unit>
		<Unit filename="softmax.h" />
		<Extensions>
			<code_completion />
			<envvars />
			<debugger />
			<lib_finder disable_auto="1" />
		</Extensions>
	</Project>
</CodeBlocks_project_file>
